
Microsoft Visual Studio Solution File, Format Version 12.00
# Visual Studio Version 16
VisualStudioVersion = 16.0.29424.173
MinimumVisualStudioVersion = 10.0.40219.1
Project("{FAE04EC0-301F-11D3-BF4B-00C04F79EFBC}") = "LabSheet9", "LabSheet9\LabSheet9.csproj", "{6856607A-5D28-4AC9-A404-76E05126D21E}"
EndProject
Project("{FAE04EC0-301F-11D3-BF4B-00C04F79EFBC}") = "UnitTestProject1", "UnitTestProject1\UnitTestProject1.csproj", "{797F6C19-171B-4F36-B123-58BAC1629C0D}"
EndProject
Global
	GlobalSection(SolutionConfigurationPlatforms) = preSolution
		Debug|Any CPU = Debug|Any CPU
		Release|Any CPU = Release|Any CPU
	EndGlobalSection
	GlobalSection(ProjectConfigurationPlatforms) = postSolution
		{6856607A-5D28-4AC9-A404-76E05126D21E}.Debug|Any CPU.ActiveCfg = Debug|Any CPU
		{6856607A-5D28-4AC9-A404-76E05126D21E}.Debug|Any CPU.Build.0 = Debug|Any CPU
		{6856607A-5D28-4AC9-A404-76E05126D21E}.Release|Any CPU.ActiveCfg = Release|Any CPU
		{6856607A-5D28-4AC9-A404-76E05126D21E}.Release|Any CPU.Build.0 = Release|Any CPU
		{797F6C19-171B-4F36-B123-58BAC1629C0D}.Debug|Any CPU.ActiveCfg = Debug|Any CPU
		{797F6C19-171B-4F36-B123-58BAC1629C0D}.Debug|Any CPU.Build.0 = Debug|Any CPU
		{797F6C19-171B-4F36-B123-58BAC1629C0D}.Release|Any CPU.ActiveCfg = Release|Any CPU
		{797F6C19-171B-4F36-B123-58BAC1629C0D}.Release|Any CPU.Build.0 = Release|Any CPU
	EndGlobalSection
	GlobalSection(SolutionProperties) = preSolution
		HideSolutionNode = FALSE
	EndGlobalSection
	GlobalSection(ExtensibilityGlobals) = postSolution
		SolutionGuid = {4B50EEEA-2A6B-4EF9-8493-C6CED107C2BD}
	EndGlobalSection
EndGlobal
