
Microsoft Visual Studio Solution File, Format Version 12.00
# Visual Studio Version 16
VisualStudioVersion = 16.0.29728.190
MinimumVisualStudioVersion = 10.0.40219.1
Project("{FAE04EC0-301F-11D3-BF4B-00C04F79EFBC}") = "LabSheet4", "LabSheet4\LabSheet4.csproj", "{D6233F9C-55AE-4339-88FF-A9FBC4CDD368}"
EndProject
Global
	GlobalSection(SolutionConfigurationPlatforms) = preSolution
		Debug|Any CPU = Debug|Any CPU
		Release|Any CPU = Release|Any CPU
	EndGlobalSection
	GlobalSection(ProjectConfigurationPlatforms) = postSolution
		{D6233F9C-55AE-4339-88FF-A9FBC4CDD368}.Debug|Any CPU.ActiveCfg = Debug|Any CPU
		{D6233F9C-55AE-4339-88FF-A9FBC4CDD368}.Debug|Any CPU.Build.0 = Debug|Any CPU
		{D6233F9C-55AE-4339-88FF-A9FBC4CDD368}.Release|Any CPU.ActiveCfg = Release|Any CPU
		{D6233F9C-55AE-4339-88FF-A9FBC4CDD368}.Release|Any CPU.Build.0 = Release|Any CPU
	EndGlobalSection
	GlobalSection(SolutionProperties) = preSolution
		HideSolutionNode = FALSE
	EndGlobalSection
	GlobalSection(ExtensibilityGlobals) = postSolution
		SolutionGuid = {B60204CC-30E1-4A82-A7CA-7052755D81BE}
	EndGlobalSection
EndGlobal
