
Microsoft Visual Studio Solution File, Format Version 12.00
# Visual Studio Version 16
VisualStudioVersion = 16.0.29009.5
MinimumVisualStudioVersion = 10.0.40219.1
Project("{FAE04EC0-301F-11D3-BF4B-00C04F79EFBC}") = "LabSheet2", "LabSheet2\LabSheet2.csproj", "{07DD18D9-6703-4E52-B054-0CFB5F0C1F60}"
EndProject
Project("{FAE04EC0-301F-11D3-BF4B-00C04F79EFBC}") = "Ex1", "Ex1\Ex1.csproj", "{9C30E23D-E332-452E-A9B7-37D61F20BEA4}"
EndProject
Project("{FAE04EC0-301F-11D3-BF4B-00C04F79EFBC}") = "Ex2", "Ex2\Ex2.csproj", "{796C9DAA-A297-42D6-94ED-6050EC00ADE8}"
EndProject
Project("{FAE04EC0-301F-11D3-BF4B-00C04F79EFBC}") = "Ex3", "Ex3\Ex3.csproj", "{009E5794-E3B8-42A8-9ED4-281A22346E7D}"
EndProject
Project("{FAE04EC0-301F-11D3-BF4B-00C04F79EFBC}") = "Ex4", "Ex4\Ex4.csproj", "{82956F9C-0B41-4638-8DF8-EAA4AB9CCAE4}"
EndProject
Project("{FAE04EC0-301F-11D3-BF4B-00C04F79EFBC}") = "Ex5", "Ex5\Ex5.csproj", "{0F589990-D2C8-4981-AF68-D4241C699EA4}"
EndProject
Project("{FAE04EC0-301F-11D3-BF4B-00C04F79EFBC}") = "Ex6 - Ex10", "Ex6\Ex6 - Ex10.csproj", "{296F4F1A-81F1-407C-BBA6-CFBCF0A26DB9}"
EndProject
Global
	GlobalSection(SolutionConfigurationPlatforms) = preSolution
		Debug|Any CPU = Debug|Any CPU
		Release|Any CPU = Release|Any CPU
	EndGlobalSection
	GlobalSection(ProjectConfigurationPlatforms) = postSolution
		{07DD18D9-6703-4E52-B054-0CFB5F0C1F60}.Debug|Any CPU.ActiveCfg = Debug|Any CPU
		{07DD18D9-6703-4E52-B054-0CFB5F0C1F60}.Debug|Any CPU.Build.0 = Debug|Any CPU
		{07DD18D9-6703-4E52-B054-0CFB5F0C1F60}.Release|Any CPU.ActiveCfg = Release|Any CPU
		{07DD18D9-6703-4E52-B054-0CFB5F0C1F60}.Release|Any CPU.Build.0 = Release|Any CPU
		{9C30E23D-E332-452E-A9B7-37D61F20BEA4}.Debug|Any CPU.ActiveCfg = Debug|Any CPU
		{9C30E23D-E332-452E-A9B7-37D61F20BEA4}.Debug|Any CPU.Build.0 = Debug|Any CPU
		{9C30E23D-E332-452E-A9B7-37D61F20BEA4}.Release|Any CPU.ActiveCfg = Release|Any CPU
		{9C30E23D-E332-452E-A9B7-37D61F20BEA4}.Release|Any CPU.Build.0 = Release|Any CPU
		{796C9DAA-A297-42D6-94ED-6050EC00ADE8}.Debug|Any CPU.ActiveCfg = Debug|Any CPU
		{796C9DAA-A297-42D6-94ED-6050EC00ADE8}.Debug|Any CPU.Build.0 = Debug|Any CPU
		{796C9DAA-A297-42D6-94ED-6050EC00ADE8}.Release|Any CPU.ActiveCfg = Release|Any CPU
		{796C9DAA-A297-42D6-94ED-6050EC00ADE8}.Release|Any CPU.Build.0 = Release|Any CPU
		{009E5794-E3B8-42A8-9ED4-281A22346E7D}.Debug|Any CPU.ActiveCfg = Debug|Any CPU
		{009E5794-E3B8-42A8-9ED4-281A22346E7D}.Debug|Any CPU.Build.0 = Debug|Any CPU
		{009E5794-E3B8-42A8-9ED4-281A22346E7D}.Release|Any CPU.ActiveCfg = Release|Any CPU
		{009E5794-E3B8-42A8-9ED4-281A22346E7D}.Release|Any CPU.Build.0 = Release|Any CPU
		{82956F9C-0B41-4638-8DF8-EAA4AB9CCAE4}.Debug|Any CPU.ActiveCfg = Debug|Any CPU
		{82956F9C-0B41-4638-8DF8-EAA4AB9CCAE4}.Debug|Any CPU.Build.0 = Debug|Any CPU
		{82956F9C-0B41-4638-8DF8-EAA4AB9CCAE4}.Release|Any CPU.ActiveCfg = Release|Any CPU
		{82956F9C-0B41-4638-8DF8-EAA4AB9CCAE4}.Release|Any CPU.Build.0 = Release|Any CPU
		{0F589990-D2C8-4981-AF68-D4241C699EA4}.Debug|Any CPU.ActiveCfg = Debug|Any CPU
		{0F589990-D2C8-4981-AF68-D4241C699EA4}.Debug|Any CPU.Build.0 = Debug|Any CPU
		{0F589990-D2C8-4981-AF68-D4241C699EA4}.Release|Any CPU.ActiveCfg = Release|Any CPU
		{0F589990-D2C8-4981-AF68-D4241C699EA4}.Release|Any CPU.Build.0 = Release|Any CPU
		{296F4F1A-81F1-407C-BBA6-CFBCF0A26DB9}.Debug|Any CPU.ActiveCfg = Debug|Any CPU
		{296F4F1A-81F1-407C-BBA6-CFBCF0A26DB9}.Debug|Any CPU.Build.0 = Debug|Any CPU
		{296F4F1A-81F1-407C-BBA6-CFBCF0A26DB9}.Release|Any CPU.ActiveCfg = Release|Any CPU
		{296F4F1A-81F1-407C-BBA6-CFBCF0A26DB9}.Release|Any CPU.Build.0 = Release|Any CPU
	EndGlobalSection
	GlobalSection(SolutionProperties) = preSolution
		HideSolutionNode = FALSE
	EndGlobalSection
	GlobalSection(ExtensibilityGlobals) = postSolution
		SolutionGuid = {EC988123-3452-4DB9-8E1B-1B7110783445}
	EndGlobalSection
EndGlobal
