
Microsoft Visual Studio Solution File, Format Version 12.00
# Visual Studio Version 16
VisualStudioVersion = 16.0.29009.5
MinimumVisualStudioVersion = 10.0.40219.1
Project("{FAE04EC0-301F-11D3-BF4B-00C04F79EFBC}") = "LabSheet2", "LabSheet2\LabSheet2.csproj", "{07DD18D9-6703-4E52-B054-0CFB5F0C1F60}"
EndProject
Project("{FAE04EC0-301F-11D3-BF4B-00C04F79EFBC}") = "Ex1", "Ex1\Ex1.csproj", "{9C30E23D-E332-452E-A9B7-37D61F20BEA4}"
EndProject
Global
	GlobalSection(SolutionConfigurationPlatforms) = preSolution
		Debug|Any CPU = Debug|Any CPU
		Release|Any CPU = Release|Any CPU
	EndGlobalSection
	GlobalSection(ProjectConfigurationPlatforms) = postSolution
		{07DD18D9-6703-4E52-B054-0CFB5F0C1F60}.Debug|Any CPU.ActiveCfg = Debug|Any CPU
		{07DD18D9-6703-4E52-B054-0CFB5F0C1F60}.Debug|Any CPU.Build.0 = Debug|Any CPU
		{07DD18D9-6703-4E52-B054-0CFB5F0C1F60}.Release|Any CPU.ActiveCfg = Release|Any CPU
		{07DD18D9-6703-4E52-B054-0CFB5F0C1F60}.Release|Any CPU.Build.0 = Release|Any CPU
		{9C30E23D-E332-452E-A9B7-37D61F20BEA4}.Debug|Any CPU.ActiveCfg = Debug|Any CPU
		{9C30E23D-E332-452E-A9B7-37D61F20BEA4}.Debug|Any CPU.Build.0 = Debug|Any CPU
		{9C30E23D-E332-452E-A9B7-37D61F20BEA4}.Release|Any CPU.ActiveCfg = Release|Any CPU
		{9C30E23D-E332-452E-A9B7-37D61F20BEA4}.Release|Any CPU.Build.0 = Release|Any CPU
	EndGlobalSection
	GlobalSection(SolutionProperties) = preSolution
		HideSolutionNode = FALSE
	EndGlobalSection
	GlobalSection(ExtensibilityGlobals) = postSolution
		SolutionGuid = {EC988123-3452-4DB9-8E1B-1B7110783445}
	EndGlobalSection
EndGlobal
